// !$*UTF8*$!
{
	archiveVersion = 1;
	classes = {
	};
	objectVersion = 46;
	objects = {

/* Begin PBXBuildFile section */
		CC7A5AF219739A3800B55E64 /* JPXUIWebViewJSBridge.m in Sources */ = {isa = PBXBuildFile; fileRef = CC7A5AF119739A3800B55E64 /* JPXUIWebViewJSBridge.m */; };
		CC7A5AFB1973F4A200B55E64 /* ViewController.xib in Resources */ = {isa = PBXBuildFile; fileRef = CC7A5AF91973F4A200B55E64 /* ViewController.xib */; };
		CCFE9D91195C0B1600D9E55C /* Foundation.framework in Frameworks */ = {isa = PBXBuildFile; fileRef = CCFE9D90195C0B1600D9E55C /* Foundation.framework */; };
		CCFE9D93195C0B1600D9E55C /* CoreGraphics.framework in Frameworks */ = {isa = PBXBuildFile; fileRef = CCFE9D92195C0B1600D9E55C /* CoreGraphics.framework */; };
		CCFE9D95195C0B1600D9E55C /* UIKit.framework in Frameworks */ = {isa = PBXBuildFile; fileRef = CCFE9D94195C0B1600D9E55C /* UIKit.framework */; };
		CCFE9D9B195C0B1600D9E55C /* InfoPlist.strings in Resources */ = {isa = PBXBuildFile; fileRef = CCFE9D99195C0B1600D9E55C /* InfoPlist.strings */; };
		CCFE9D9D195C0B1600D9E55C /* main.m in Sources */ = {isa = PBXBuildFile; fileRef = CCFE9D9C195C0B1600D9E55C /* main.m */; };
		CCFE9DA1195C0B1600D9E55C /* AppDelegate.m in Sources */ = {isa = PBXBuildFile; fileRef = CCFE9DA0195C0B1600D9E55C /* AppDelegate.m */; };
		CCFE9DA7195C0B1600D9E55C /* ViewController.m in Sources */ = {isa = PBXBuildFile; fileRef = CCFE9DA6195C0B1600D9E55C /* ViewController.m */; };
		CCFE9DA9195C0B1600D9E55C /* Images.xcassets in Resources */ = {isa = PBXBuildFile; fileRef = CCFE9DA8195C0B1600D9E55C /* Images.xcassets */; };
		CCFE9DB0195C0B1700D9E55C /* XCTest.framework in Frameworks */ = {isa = PBXBuildFile; fileRef = CCFE9DAF195C0B1700D9E55C /* XCTest.framework */; };
		CCFE9DB1195C0B1700D9E55C /* Foundation.framework in Frameworks */ = {isa = PBXBuildFile; fileRef = CCFE9D90195C0B1600D9E55C /* Foundation.framework */; };
		CCFE9DB2195C0B1700D9E55C /* UIKit.framework in Frameworks */ = {isa = PBXBuildFile; fileRef = CCFE9D94195C0B1600D9E55C /* UIKit.framework */; };
		CCFE9DBA195C0B1700D9E55C /* InfoPlist.strings in Resources */ = {isa = PBXBuildFile; fileRef = CCFE9DB8195C0B1700D9E55C /* InfoPlist.strings */; };
		CCFE9DBC195C0B1700D9E55C /* WebViewJSBridgeTests.m in Sources */ = {isa = PBXBuildFile; fileRef = CCFE9DBB195C0B1700D9E55C /* WebViewJSBridgeTests.m */; };
		CCFE9DC6195C0BAF00D9E55C /* test.html in Resources */ = {isa = PBXBuildFile; fileRef = CCFE9DC5195C0BAF00D9E55C /* test.html */; };
/* End PBXBuildFile section */

/* Begin PBXContainerItemProxy section */
		CCFE9DB3195C0B1700D9E55C /* PBXContainerItemProxy */ = {
			isa = PBXContainerItemProxy;
			containerPortal = CCFE9D85195C0B1600D9E55C /* Project object */;
			proxyType = 1;
			remoteGlobalIDString = CCFE9D8C195C0B1600D9E55C;
			remoteInfo = WebViewJSBridge;
		};
/* End PBXContainerItemProxy section */

/* Begin PBXFileReference section */
		CC7A5AF019739A3800B55E64 /* JPXUIWebViewJSBridge.h */ = {isa = PBXFileReference; fileEncoding = 4; lastKnownFileType = sourcecode.c.h; path = JPXUIWebViewJSBridge.h; sourceTree = "<group>"; };
		CC7A5AF119739A3800B55E64 /* JPXUIWebViewJSBridge.m */ = {isa = PBXFileReference; fileEncoding = 4; lastKnownFileType = sourcecode.c.objc; path = JPXUIWebViewJSBridge.m; sourceTree = "<group>"; };
		CC7A5AF91973F4A200B55E64 /* ViewController.xib */ = {isa = PBXFileReference; fileEncoding = 4; lastKnownFileType = file.xib; path = ViewController.xib; sourceTree = "<group>"; };
		CCFE9D8D195C0B1600D9E55C /* WebViewJSBridge.app */ = {isa = PBXFileReference; explicitFileType = wrapper.application; includeInIndex = 0; path = WebViewJSBridge.app; sourceTree = BUILT_PRODUCTS_DIR; };
		CCFE9D90195C0B1600D9E55C /* Foundation.framework */ = {isa = PBXFileReference; lastKnownFileType = wrapper.framework; name = Foundation.framework; path = System/Library/Frameworks/Foundation.framework; sourceTree = SDKROOT; };
		CCFE9D92195C0B1600D9E55C /* CoreGraphics.framework */ = {isa = PBXFileReference; lastKnownFileType = wrapper.framework; name = CoreGraphics.framework; path = System/Library/Frameworks/CoreGraphics.framework; sourceTree = SDKROOT; };
		CCFE9D94195C0B1600D9E55C /* UIKit.framework */ = {isa = PBXFileReference; lastKnownFileType = wrapper.framework; name = UIKit.framework; path = System/Library/Frameworks/UIKit.framework; sourceTree = SDKROOT; };
		CCFE9D98195C0B1600D9E55C /* WebViewJSBridge-Info.plist */ = {isa = PBXFileReference; lastKnownFileType = text.plist.xml; path = "WebViewJSBridge-Info.plist"; sourceTree = "<group>"; };
		CCFE9D9A195C0B1600D9E55C /* en */ = {isa = PBXFileReference; lastKnownFileType = text.plist.strings; name = en; path = en.lproj/InfoPlist.strings; sourceTree = "<group>"; };
		CCFE9D9C195C0B1600D9E55C /* main.m */ = {isa = PBXFileReference; lastKnownFileType = sourcecode.c.objc; lineEnding = 0; path = main.m; sourceTree = "<group>"; xcLanguageSpecificationIdentifier = xcode.lang.objc; };
		CCFE9D9E195C0B1600D9E55C /* WebViewJSBridge-Prefix.pch */ = {isa = PBXFileReference; lastKnownFileType = sourcecode.c.h; path = "WebViewJSBridge-Prefix.pch"; sourceTree = "<group>"; };
		CCFE9D9F195C0B1600D9E55C /* AppDelegate.h */ = {isa = PBXFileReference; lastKnownFileType = sourcecode.c.h; lineEnding = 0; path = AppDelegate.h; sourceTree = "<group>"; xcLanguageSpecificationIdentifier = xcode.lang.objcpp; };
		CCFE9DA0195C0B1600D9E55C /* AppDelegate.m */ = {isa = PBXFileReference; lastKnownFileType = sourcecode.c.objc; lineEnding = 0; path = AppDelegate.m; sourceTree = "<group>"; xcLanguageSpecificationIdentifier = xcode.lang.objc; };
		CCFE9DA5195C0B1600D9E55C /* ViewController.h */ = {isa = PBXFileReference; lastKnownFileType = sourcecode.c.h; lineEnding = 0; path = ViewController.h; sourceTree = "<group>"; xcLanguageSpecificationIdentifier = xcode.lang.objcpp; };
		CCFE9DA6195C0B1600D9E55C /* ViewController.m */ = {isa = PBXFileReference; lastKnownFileType = sourcecode.c.objc; lineEnding = 0; path = ViewController.m; sourceTree = "<group>"; xcLanguageSpecificationIdentifier = xcode.lang.objc; };
		CCFE9DA8195C0B1600D9E55C /* Images.xcassets */ = {isa = PBXFileReference; lastKnownFileType = folder.assetcatalog; path = Images.xcassets; sourceTree = "<group>"; };
		CCFE9DAE195C0B1700D9E55C /* WebViewJSBridgeTests.xctest */ = {isa = PBXFileReference; explicitFileType = wrapper.cfbundle; includeInIndex = 0; path = WebViewJSBridgeTests.xctest; sourceTree = BUILT_PRODUCTS_DIR; };
		CCFE9DAF195C0B1700D9E55C /* XCTest.framework */ = {isa = PBXFileReference; lastKnownFileType = wrapper.framework; name = XCTest.framework; path = Library/Frameworks/XCTest.framework; sourceTree = DEVELOPER_DIR; };
		CCFE9DB7195C0B1700D9E55C /* WebViewJSBridgeTests-Info.plist */ = {isa = PBXFileReference; lastKnownFileType = text.plist.xml; path = "WebViewJSBridgeTests-Info.plist"; sourceTree = "<group>"; };
		CCFE9DB9195C0B1700D9E55C /* en */ = {isa = PBXFileReference; lastKnownFileType = text.plist.strings; name = en; path = en.lproj/InfoPlist.strings; sourceTree = "<group>"; };
		CCFE9DBB195C0B1700D9E55C /* WebViewJSBridgeTests.m */ = {isa = PBXFileReference; lastKnownFileType = sourcecode.c.objc; lineEnding = 0; path = WebViewJSBridgeTests.m; sourceTree = "<group>"; xcLanguageSpecificationIdentifier = xcode.lang.objc; };
		CCFE9DC5195C0BAF00D9E55C /* test.html */ = {isa = PBXFileReference; fileEncoding = 4; lastKnownFileType = text.html; path = test.html; sourceTree = "<group>"; };
/* End PBXFileReference section */

/* Begin PBXFrameworksBuildPhase section */
		CCFE9D8A195C0B1600D9E55C /* Frameworks */ = {
			isa = PBXFrameworksBuildPhase;
			buildActionMask = 2147483647;
			files = (
				CCFE9D93195C0B1600D9E55C /* CoreGraphics.framework in Frameworks */,
				CCFE9D95195C0B1600D9E55C /* UIKit.framework in Frameworks */,
				CCFE9D91195C0B1600D9E55C /* Foundation.framework in Frameworks */,
			);
			runOnlyForDeploymentPostprocessing = 0;
		};
		CCFE9DAB195C0B1700D9E55C /* Frameworks */ = {
			isa = PBXFrameworksBuildPhase;
			buildActionMask = 2147483647;
			files = (
				CCFE9DB0195C0B1700D9E55C /* XCTest.framework in Frameworks */,
				CCFE9DB2195C0B1700D9E55C /* UIKit.framework in Frameworks */,
				CCFE9DB1195C0B1700D9E55C /* Foundation.framework in Frameworks */,
			);
			runOnlyForDeploymentPostprocessing = 0;
		};
/* End PBXFrameworksBuildPhase section */

/* Begin PBXGroup section */
		CC7A5AF319739A3C00B55E64 /* Source */ = {
			isa = PBXGroup;
			children = (
				CC7A5AF019739A3800B55E64 /* JPXUIWebViewJSBridge.h */,
				CC7A5AF119739A3800B55E64 /* JPXUIWebViewJSBridge.m */,
			);
			name = Source;
			sourceTree = "<group>";
		};
		CCFE9D84195C0B1600D9E55C = {
			isa = PBXGroup;
			children = (
				CCFE9D96195C0B1600D9E55C /* WebViewJSBridge */,
				CCFE9DB5195C0B1700D9E55C /* WebViewJSBridgeTests */,
				CCFE9D8F195C0B1600D9E55C /* Frameworks */,
				CCFE9D8E195C0B1600D9E55C /* Products */,
			);
			sourceTree = "<group>";
		};
		CCFE9D8E195C0B1600D9E55C /* Products */ = {
			isa = PBXGroup;
			children = (
				CCFE9D8D195C0B1600D9E55C /* WebViewJSBridge.app */,
				CCFE9DAE195C0B1700D9E55C /* WebViewJSBridgeTests.xctest */,
			);
			name = Products;
			sourceTree = "<group>";
		};
		CCFE9D8F195C0B1600D9E55C /* Frameworks */ = {
			isa = PBXGroup;
			children = (
				CCFE9D90195C0B1600D9E55C /* Foundation.framework */,
				CCFE9D92195C0B1600D9E55C /* CoreGraphics.framework */,
				CCFE9D94195C0B1600D9E55C /* UIKit.framework */,
				CCFE9DAF195C0B1700D9E55C /* XCTest.framework */,
			);
			name = Frameworks;
			sourceTree = "<group>";
		};
		CCFE9D96195C0B1600D9E55C /* WebViewJSBridge */ = {
			isa = PBXGroup;
			children = (
				CC7A5AF319739A3C00B55E64 /* Source */,
				CCFE9D9F195C0B1600D9E55C /* AppDelegate.h */,
				CCFE9DA0195C0B1600D9E55C /* AppDelegate.m */,
				CCFE9DA5195C0B1600D9E55C /* ViewController.h */,
				CCFE9DA6195C0B1600D9E55C /* ViewController.m */,
				CC7A5AF91973F4A200B55E64 /* ViewController.xib */,
				CCFE9DC5195C0BAF00D9E55C /* test.html */,
				CCFE9DA8195C0B1600D9E55C /* Images.xcassets */,
				CCFE9D97195C0B1600D9E55C /* Supporting Files */,
			);
			path = WebViewJSBridge;
			sourceTree = "<group>";
		};
		CCFE9D97195C0B1600D9E55C /* Supporting Files */ = {
			isa = PBXGroup;
			children = (
				CCFE9D98195C0B1600D9E55C /* WebViewJSBridge-Info.plist */,
				CCFE9D99195C0B1600D9E55C /* InfoPlist.strings */,
				CCFE9D9C195C0B1600D9E55C /* main.m */,
				CCFE9D9E195C0B1600D9E55C /* WebViewJSBridge-Prefix.pch */,
			);
			name = "Supporting Files";
			sourceTree = "<group>";
		};
		CCFE9DB5195C0B1700D9E55C /* WebViewJSBridgeTests */ = {
			isa = PBXGroup;
			children = (
				CCFE9DBB195C0B1700D9E55C /* WebViewJSBridgeTests.m */,
				CCFE9DB6195C0B1700D9E55C /* Supporting Files */,
			);
			path = WebViewJSBridgeTests;
			sourceTree = "<group>";
		};
		CCFE9DB6195C0B1700D9E55C /* Supporting Files */ = {
			isa = PBXGroup;
			children = (
				CCFE9DB7195C0B1700D9E55C /* WebViewJSBridgeTests-Info.plist */,
				CCFE9DB8195C0B1700D9E55C /* InfoPlist.strings */,
			);
			name = "Supporting Files";
			sourceTree = "<group>";
		};
/* End PBXGroup section */

/* Begin PBXNativeTarget section */
		CCFE9D8C195C0B1600D9E55C /* WebViewJSBridge */ = {
			isa = PBXNativeTarget;
			buildConfigurationList = CCFE9DBF195C0B1700D9E55C /* Build configuration list for PBXNativeTarget "WebViewJSBridge" */;
			buildPhases = (
				CCFE9D89195C0B1600D9E55C /* Sources */,
				CCFE9D8A195C0B1600D9E55C /* Frameworks */,
				CCFE9D8B195C0B1600D9E55C /* Resources */,
			);
			buildRules = (
			);
			dependencies = (
			);
			name = WebViewJSBridge;
			productName = WebViewJSBridge;
			productReference = CCFE9D8D195C0B1600D9E55C /* WebViewJSBridge.app */;
			productType = "com.apple.product-type.application";
		};
		CCFE9DAD195C0B1700D9E55C /* WebViewJSBridgeTests */ = {
			isa = PBXNativeTarget;
			buildConfigurationList = CCFE9DC2195C0B1700D9E55C /* Build configuration list for PBXNativeTarget "WebViewJSBridgeTests" */;
			buildPhases = (
				CCFE9DAA195C0B1700D9E55C /* Sources */,
				CCFE9DAB195C0B1700D9E55C /* Frameworks */,
				CCFE9DAC195C0B1700D9E55C /* Resources */,
			);
			buildRules = (
			);
			dependencies = (
				CCFE9DB4195C0B1700D9E55C /* PBXTargetDependency */,
			);
			name = WebViewJSBridgeTests;
			productName = WebViewJSBridgeTests;
			productReference = CCFE9DAE195C0B1700D9E55C /* WebViewJSBridgeTests.xctest */;
			productType = "com.apple.product-type.bundle.unit-test";
		};
/* End PBXNativeTarget section */

/* Begin PBXProject section */
		CCFE9D85195C0B1600D9E55C /* Project object */ = {
			isa = PBXProject;
			attributes = {
				LastUpgradeCheck = 0510;
				ORGANIZATIONNAME = Netease;
				TargetAttributes = {
					CCFE9DAD195C0B1700D9E55C = {
						TestTargetID = CCFE9D8C195C0B1600D9E55C;
					};
				};
			};
			buildConfigurationList = CCFE9D88195C0B1600D9E55C /* Build configuration list for PBXProject "WebViewJSBridge" */;
			compatibilityVersion = "Xcode 3.2";
			developmentRegion = English;
			hasScannedForEncodings = 0;
			knownRegions = (
				en,
				Base,
			);
			mainGroup = CCFE9D84195C0B1600D9E55C;
			productRefGroup = CCFE9D8E195C0B1600D9E55C /* Products */;
			projectDirPath = "";
			projectRoot = "";
			targets = (
				CCFE9D8C195C0B1600D9E55C /* WebViewJSBridge */,
				CCFE9DAD195C0B1700D9E55C /* WebViewJSBridgeTests */,
			);
		};
/* End PBXProject section */

/* Begin PBXResourcesBuildPhase section */
		CCFE9D8B195C0B1600D9E55C /* Resources */ = {
			isa = PBXResourcesBuildPhase;
			buildActionMask = 2147483647;
			files = (
				CCFE9DC6195C0BAF00D9E55C /* test.html in Resources */,
				CC7A5AFB1973F4A200B55E64 /* ViewController.xib in Resources */,
				CCFE9DA9195C0B1600D9E55C /* Images.xcassets in Resources */,
				CCFE9D9B195C0B1600D9E55C /* InfoPlist.strings in Resources */,
			);
			runOnlyForDeploymentPostprocessing = 0;
		};
		CCFE9DAC195C0B1700D9E55C /* Resources */ = {
			isa = PBXResourcesBuildPhase;
			buildActionMask = 2147483647;
			files = (
				CCFE9DBA195C0B1700D9E55C /* InfoPlist.strings in Resources */,
			);
			runOnlyForDeploymentPostprocessing = 0;
		};
/* End PBXResourcesBuildPhase section */

/* Begin PBXSourcesBuildPhase section */
		CCFE9D89195C0B1600D9E55C /* Sources */ = {
			isa = PBXSourcesBuildPhase;
			buildActionMask = 2147483647;
			files = (
				CC7A5AF219739A3800B55E64 /* JPXUIWebViewJSBridge.m in Sources */,
				CCFE9DA7195C0B1600D9E55C /* ViewController.m in Sources */,
				CCFE9DA1195C0B1600D9E55C /* AppDelegate.m in Sources */,
				CCFE9D9D195C0B1600D9E55C /* main.m in Sources */,
			);
			runOnlyForDeploymentPostprocessing = 0;
		};
		CCFE9DAA195C0B1700D9E55C /* Sources */ = {
			isa = PBXSourcesBuildPhase;
			buildActionMask = 2147483647;
			files = (
				CCFE9DBC195C0B1700D9E55C /* WebViewJSBridgeTests.m in Sources */,
			);
			runOnlyForDeploymentPostprocessing = 0;
		};
/* End PBXSourcesBuildPhase section */

/* Begin PBXTargetDependency section */
		CCFE9DB4195C0B1700D9E55C /* PBXTargetDependency */ = {
			isa = PBXTargetDependency;
			target = CCFE9D8C195C0B1600D9E55C /* WebViewJSBridge */;
			targetProxy = CCFE9DB3195C0B1700D9E55C /* PBXContainerItemProxy */;
		};
/* End PBXTargetDependency section */

/* Begin PBXVariantGroup section */
		CCFE9D99195C0B1600D9E55C /* InfoPlist.strings */ = {
			isa = PBXVariantGroup;
			children = (
				CCFE9D9A195C0B1600D9E55C /* en */,
			);
			name = InfoPlist.strings;
			sourceTree = "<group>";
		};
		CCFE9DB8195C0B1700D9E55C /* InfoPlist.strings */ = {
			isa = PBXVariantGroup;
			children = (
				CCFE9DB9195C0B1700D9E55C /* en */,
			);
			name = InfoPlist.strings;
			sourceTree = "<group>";
		};
/* End PBXVariantGroup section */

/* Begin XCBuildConfiguration section */
		CCFE9DBD195C0B1700D9E55C /* Debug */ = {
			isa = XCBuildConfiguration;
			buildSettings = {
				ALWAYS_SEARCH_USER_PATHS = NO;
				CLANG_CXX_LANGUAGE_STANDARD = "gnu++0x";
				CLANG_CXX_LIBRARY = "libc++";
				CLANG_ENABLE_MODULES = YES;
				CLANG_ENABLE_OBJC_ARC = YES;
				CLANG_WARN_BOOL_CONVERSION = YES;
				CLANG_WARN_CONSTANT_CONVERSION = YES;
				CLANG_WARN_DIRECT_OBJC_ISA_USAGE = YES_ERROR;
				CLANG_WARN_EMPTY_BODY = YES;
				CLANG_WARN_ENUM_CONVERSION = YES;
				CLANG_WARN_INT_CONVERSION = YES;
				CLANG_WARN_OBJC_ROOT_CLASS = YES_ERROR;
				CLANG_WARN__DUPLICATE_METHOD_MATCH = YES;
				"CODE_SIGN_IDENTITY[sdk=iphoneos*]" = "iPhone Developer";
				COPY_PHASE_STRIP = NO;
				GCC_C_LANGUAGE_STANDARD = gnu99;
				GCC_DYNAMIC_NO_PIC = NO;
				GCC_OPTIMIZATION_LEVEL = 0;
				GCC_PREPROCESSOR_DEFINITIONS = (
					"DEBUG=1",
					"$(inherited)",
				);
				GCC_SYMBOLS_PRIVATE_EXTERN = NO;
				GCC_WARN_64_TO_32_BIT_CONVERSION = YES;
				GCC_WARN_ABOUT_RETURN_TYPE = YES_ERROR;
				GCC_WARN_UNDECLARED_SELECTOR = YES;
				GCC_WARN_UNINITIALIZED_AUTOS = YES_AGGRESSIVE;
				GCC_WARN_UNUSED_FUNCTION = YES;
				GCC_WARN_UNUSED_VARIABLE = YES;
				IPHONEOS_DEPLOYMENT_TARGET = 7.1;
				ONLY_ACTIVE_ARCH = YES;
				SDKROOT = iphoneos;
			};
			name = Debug;
		};
		CCFE9DBE195C0B1700D9E55C /* Release */ = {
			isa = XCBuildConfiguration;
			buildSettings = {
				ALWAYS_SEARCH_USER_PATHS = NO;
				CLANG_CXX_LANGUAGE_STANDARD = "gnu++0x";
				CLANG_CXX_LIBRARY = "libc++";
				CLANG_ENABLE_MODULES = YES;
				CLANG_ENABLE_OBJC_ARC = YES;
				CLANG_WARN_BOOL_CONVERSION = YES;
				CLANG_WARN_CONSTANT_CONVERSION = YES;
				CLANG_WARN_DIRECT_OBJC_ISA_USAGE = YES_ERROR;
				CLANG_WARN_EMPTY_BODY = YES;
				CLANG_WARN_ENUM_CONVERSION = YES;
				CLANG_WARN_INT_CONVERSION = YES;
				CLANG_WARN_OBJC_ROOT_CLASS = YES_ERROR;
				CLANG_WARN__DUPLICATE_METHOD_MATCH = YES;
				"CODE_SIGN_IDENTITY[sdk=iphoneos*]" = "iPhone Developer";
				COPY_PHASE_STRIP = YES;
				ENABLE_NS_ASSERTIONS = NO;
				GCC_C_LANGUAGE_STANDARD = gnu99;
				GCC_WARN_64_TO_32_BIT_CONVERSION = YES;
				GCC_WARN_ABOUT_RETURN_TYPE = YES_ERROR;
				GCC_WARN_UNDECLARED_SELECTOR = YES;
				GCC_WARN_UNINITIALIZED_AUTOS = YES_AGGRESSIVE;
				GCC_WARN_UNUSED_FUNCTION = YES;
				GCC_WARN_UNUSED_VARIABLE = YES;
				IPHONEOS_DEPLOYMENT_TARGET = 7.1;
				SDKROOT = iphoneos;
				VALIDATE_PRODUCT = YES;
			};
			name = Release;
		};
		CCFE9DC0195C0B1700D9E55C /* Debug */ = {
			isa = XCBuildConfiguration;
			buildSettings = {
				ARCHS = "$(ARCHS_STANDARD_32_BIT)";
				ASSETCATALOG_COMPILER_APPICON_NAME = AppIcon;
				ASSETCATALOG_COMPILER_LAUNCHIMAGE_NAME = LaunchImage;
				CODE_SIGN_IDENTITY = "iPhone Developer";
				GCC_PRECOMPILE_PREFIX_HEADER = YES;
				GCC_PREFIX_HEADER = "WebViewJSBridge/WebViewJSBridge-Prefix.pch";
				INFOPLIST_FILE = "WebViewJSBridge/WebViewJSBridge-Info.plist";
				IPHONEOS_DEPLOYMENT_TARGET = 5.0;
				PRODUCT_NAME = "$(TARGET_NAME)";
				WRAPPER_EXTENSION = app;
			};
			name = Debug;
		};
		CCFE9DC1195C0B1700D9E55C /* Release */ = {
			isa = XCBuildConfiguration;
			buildSettings = {
				ARCHS = "$(ARCHS_STANDARD_32_BIT)";
				ASSETCATALOG_COMPILER_APPICON_NAME = AppIcon;
				ASSETCATALOG_COMPILER_LAUNCHIMAGE_NAME = LaunchImage;
				CODE_SIGN_IDENTITY = "iPhone Developer";
				GCC_PRECOMPILE_PREFIX_HEADER = YES;
				GCC_PREFIX_HEADER = "WebViewJSBridge/WebViewJSBridge-Prefix.pch";
				INFOPLIST_FILE = "WebViewJSBridge/WebViewJSBridge-Info.plist";
				IPHONEOS_DEPLOYMENT_TARGET = 5.0;
				PRODUCT_NAME = "$(TARGET_NAME)";
				WRAPPER_EXTENSION = app;
			};
			name = Release;
		};
		CCFE9DC3195C0B1700D9E55C /* Debug */ = {
			isa = XCBuildConfiguration;
			buildSettings = {
				BUNDLE_LOADER = "$(BUILT_PRODUCTS_DIR)/WebViewJSBridge.app/WebViewJSBridge";
				FRAMEWORK_SEARCH_PATHS = (
					"$(SDKROOT)/Developer/Library/Frameworks",
					"$(inherited)",
					"$(DEVELOPER_FRAMEWORKS_DIR)",
				);
				GCC_PRECOMPILE_PREFIX_HEADER = YES;
				GCC_PREFIX_HEADER = "WebViewJSBridge/WebViewJSBridge-Prefix.pch";
				GCC_PREPROCESSOR_DEFINITIONS = (
					"DEBUG=1",
					"$(inherited)",
				);
				INFOPLIST_FILE = "WebViewJSBridgeTests/WebViewJSBridgeTests-Info.plist";
				PRODUCT_NAME = "$(TARGET_NAME)";
				TEST_HOST = "$(BUNDLE_LOADER)";
				WRAPPER_EXTENSION = xctest;
			};
			name = Debug;
		};
		CCFE9DC4195C0B1700D9E55C /* Release */ = {
			isa = XCBuildConfiguration;
			buildSettings = {
				BUNDLE_LOADER = "$(BUILT_PRODUCTS_DIR)/WebViewJSBridge.app/WebViewJSBridge";
				FRAMEWORK_SEARCH_PATHS = (
					"$(SDKROOT)/Developer/Library/Frameworks",
					"$(inherited)",
					"$(DEVELOPER_FRAMEWORKS_DIR)",
				);
				GCC_PRECOMPILE_PREFIX_HEADER = YES;
				GCC_PREFIX_HEADER = "WebViewJSBridge/WebViewJSBridge-Prefix.pch";
				INFOPLIST_FILE = "WebViewJSBridgeTests/WebViewJSBridgeTests-Info.plist";
				PRODUCT_NAME = "$(TARGET_NAME)";
				TEST_HOST = "$(BUNDLE_LOADER)";
				WRAPPER_EXTENSION = xctest;
			};
			name = Release;
		};
/* End XCBuildConfiguration section */

/* Begin XCConfigurationList section */
		CCFE9D88195C0B1600D9E55C /* Build configuration list for PBXProject "WebViewJSBridge" */ = {
			isa = XCConfigurationList;
			buildConfigurations = (
				CCFE9DBD195C0B1700D9E55C /* Debug */,
				CCFE9DBE195C0B1700D9E55C /* Release */,
			);
			defaultConfigurationIsVisible = 0;
			defaultConfigurationName = Release;
		};
		CCFE9DBF195C0B1700D9E55C /* Build configuration list for PBXNativeTarget "WebViewJSBridge" */ = {
			isa = XCConfigurationList;
			buildConfigurations = (
				CCFE9DC0195C0B1700D9E55C /* Debug */,
				CCFE9DC1195C0B1700D9E55C /* Release */,
			);
			defaultConfigurationIsVisible = 0;
			defaultConfigurationName = Release;
		};
		CCFE9DC2195C0B1700D9E55C /* Build configuration list for PBXNativeTarget "WebViewJSBridgeTests" */ = {
			isa = XCConfigurationList;
			buildConfigurations = (
				CCFE9DC3195C0B1700D9E55C /* Debug */,
				CCFE9DC4195C0B1700D9E55C /* Release */,
			);
			defaultConfigurationIsVisible = 0;
			defaultConfigurationName = Release;
		};
/* End XCConfigurationList section */
	};
	rootObject = CCFE9D85195C0B1600D9E55C /* Project object */;
}
